
Microsoft Visual Studio Solution File, Format Version 12.00
# Visual Studio Version 17
VisualStudioVersion = 17.10.35201.131
MinimumVisualStudioVersion = 10.0.40219.1
Project("{FAE04EC0-301F-11D3-BF4B-00C04F79EFBC}") = "ICM_CRM", "ICM_CRM\ICM_CRM.csproj", "{F144AE77-B00A-458F-BA9A-4332B1B61FD9}"
EndProject
Global
	GlobalSection(SolutionConfigurationPlatforms) = preSolution
		Debug|Any CPU = Debug|Any CPU
		Release|Any CPU = Release|Any CPU
	EndGlobalSection
	GlobalSection(ProjectConfigurationPlatforms) = postSolution
		{F144AE77-B00A-458F-BA9A-4332B1B61FD9}.Debug|Any CPU.ActiveCfg = Debug|Any CPU
		{F144AE77-B00A-458F-BA9A-4332B1B61FD9}.Debug|Any CPU.Build.0 = Debug|Any CPU
		{F144AE77-B00A-458F-BA9A-4332B1B61FD9}.Release|Any CPU.ActiveCfg = Release|Any CPU
		{F144AE77-B00A-458F-BA9A-4332B1B61FD9}.Release|Any CPU.Build.0 = Release|Any CPU
	EndGlobalSection
	GlobalSection(SolutionProperties) = preSolution
		HideSolutionNode = FALSE
	EndGlobalSection
	GlobalSection(ExtensibilityGlobals) = postSolution
		SolutionGuid = {56B51E26-2BBB-476A-A6B5-7B11FC6E1D56}
	EndGlobalSection
EndGlobal
